
Microsoft Visual Studio Solution File, Format Version 12.00
Project("{FAE04EC0-301F-11D3-BF4B-00C04F79EFBC}") = "StudentCourseManagement.Presentation", "StudentCourseManagement.Presentation\StudentCourseManagement.Presentation.csproj", "{89177C30-B436-411D-9D7F-2204AB908FD4}"
EndProject
Project("{FAE04EC0-301F-11D3-BF4B-00C04F79EFBC}") = "StudentCourseManagement.Domain", "StudentCourseManagement.Domain\StudentCourseManagement.Domain.csproj", "{69A6A99E-F7A4-4BF1-B926-2A34AC38660C}"
EndProject
Project("{FAE04EC0-301F-11D3-BF4B-00C04F79EFBC}") = "StudentCourseManagement.Application", "StudentCourseManagement.Application\StudentCourseManagement.Application.csproj", "{CD4D4491-A746-4CB6-B7F9-6C9D4AFC3239}"
EndProject
Project("{FAE04EC0-301F-11D3-BF4B-00C04F79EFBC}") = "StudentCourseManagement.Infrastructure", "StudentCourseManagement.Infrastructure\StudentCourseManagement.Infrastructure.csproj", "{64B71D90-AE4A-4C76-A2FF-BB10851BD005}"
EndProject
Global
	GlobalSection(SolutionConfigurationPlatforms) = preSolution
		Debug|Any CPU = Debug|Any CPU
		Release|Any CPU = Release|Any CPU
	EndGlobalSection
	GlobalSection(ProjectConfigurationPlatforms) = postSolution
		{89177C30-B436-411D-9D7F-2204AB908FD4}.Debug|Any CPU.ActiveCfg = Debug|Any CPU
		{89177C30-B436-411D-9D7F-2204AB908FD4}.Debug|Any CPU.Build.0 = Debug|Any CPU
		{89177C30-B436-411D-9D7F-2204AB908FD4}.Release|Any CPU.ActiveCfg = Release|Any CPU
		{89177C30-B436-411D-9D7F-2204AB908FD4}.Release|Any CPU.Build.0 = Release|Any CPU
		{69A6A99E-F7A4-4BF1-B926-2A34AC38660C}.Debug|Any CPU.ActiveCfg = Debug|Any CPU
		{69A6A99E-F7A4-4BF1-B926-2A34AC38660C}.Debug|Any CPU.Build.0 = Debug|Any CPU
		{69A6A99E-F7A4-4BF1-B926-2A34AC38660C}.Release|Any CPU.ActiveCfg = Release|Any CPU
		{69A6A99E-F7A4-4BF1-B926-2A34AC38660C}.Release|Any CPU.Build.0 = Release|Any CPU
		{CD4D4491-A746-4CB6-B7F9-6C9D4AFC3239}.Debug|Any CPU.ActiveCfg = Debug|Any CPU
		{CD4D4491-A746-4CB6-B7F9-6C9D4AFC3239}.Debug|Any CPU.Build.0 = Debug|Any CPU
		{CD4D4491-A746-4CB6-B7F9-6C9D4AFC3239}.Release|Any CPU.ActiveCfg = Release|Any CPU
		{CD4D4491-A746-4CB6-B7F9-6C9D4AFC3239}.Release|Any CPU.Build.0 = Release|Any CPU
		{64B71D90-AE4A-4C76-A2FF-BB10851BD005}.Debug|Any CPU.ActiveCfg = Debug|Any CPU
		{64B71D90-AE4A-4C76-A2FF-BB10851BD005}.Debug|Any CPU.Build.0 = Debug|Any CPU
		{64B71D90-AE4A-4C76-A2FF-BB10851BD005}.Release|Any CPU.ActiveCfg = Release|Any CPU
		{64B71D90-AE4A-4C76-A2FF-BB10851BD005}.Release|Any CPU.Build.0 = Release|Any CPU
	EndGlobalSection
EndGlobal
